// !$*UTF8*$!
{
	archiveVersion = 1;
	classes = {
	};
	objectVersion = 56;
	objects = {

/* Begin PBXBuildFile section */
		841E80A82B5F2E6000A62457 /* Login.swift in Sources */ = {isa = PBXBuildFile; fileRef = 841E80A72B5F2E6000A62457 /* Login.swift */; };
		841E80AA2B5F40AE00A62457 /* AuthenticationViewModel.swift in Sources */ = {isa = PBXBuildFile; fileRef = 841E80A92B5F40AE00A62457 /* AuthenticationViewModel.swift */; };
		841E80AC2B5F4B1100A62457 /* Dashboard.swift in Sources */ = {isa = PBXBuildFile; fileRef = 841E80AB2B5F4B1100A62457 /* Dashboard.swift */; };
		8457CC8B2B5F628100234C84 /* TicketsModel.swift in Sources */ = {isa = PBXBuildFile; fileRef = 8457CC8A2B5F628100234C84 /* TicketsModel.swift */; };
		8481432E2B603BF50036B545 /* EditTicket.swift in Sources */ = {isa = PBXBuildFile; fileRef = 8481432D2B603BF50036B545 /* EditTicket.swift */; };
		849968402B5F236F00F2AD00 /* ISUCorpApp.swift in Sources */ = {isa = PBXBuildFile; fileRef = 8499683F2B5F236F00F2AD00 /* ISUCorpApp.swift */; };
		849968422B5F236F00F2AD00 /* ContentView.swift in Sources */ = {isa = PBXBuildFile; fileRef = 849968412B5F236F00F2AD00 /* ContentView.swift */; };
		849968442B5F237200F2AD00 /* Assets.xcassets in Resources */ = {isa = PBXBuildFile; fileRef = 849968432B5F237200F2AD00 /* Assets.xcassets */; };
		849968472B5F237200F2AD00 /* Preview Assets.xcassets in Resources */ = {isa = PBXBuildFile; fileRef = 849968462B5F237200F2AD00 /* Preview Assets.xcassets */; };
		84C25A442B60970A007CF7D4 /* CalendarViewModel.swift in Sources */ = {isa = PBXBuildFile; fileRef = 84C25A432B60970A007CF7D4 /* CalendarViewModel.swift */; };
		84C25A462B60ADAF007CF7D4 /* TicketDetail.swift in Sources */ = {isa = PBXBuildFile; fileRef = 84C25A452B60ADAF007CF7D4 /* TicketDetail.swift */; };
		84C25A492B60BEF2007CF7D4 /* OverView.swift in Sources */ = {isa = PBXBuildFile; fileRef = 84C25A482B60BEF2007CF7D4 /* OverView.swift */; };
		84C25A4B2B60BF18007CF7D4 /* WorkDetails.swift in Sources */ = {isa = PBXBuildFile; fileRef = 84C25A4A2B60BF18007CF7D4 /* WorkDetails.swift */; };
		84C25A4D2B60BF27007CF7D4 /* Purchasing.swift in Sources */ = {isa = PBXBuildFile; fileRef = 84C25A4C2B60BF27007CF7D4 /* Purchasing.swift */; };
		84C25A4F2B60BF39007CF7D4 /* Finish.swift in Sources */ = {isa = PBXBuildFile; fileRef = 84C25A4E2B60BF39007CF7D4 /* Finish.swift */; };
		84C25A512B60BF46007CF7D4 /* Camera.swift in Sources */ = {isa = PBXBuildFile; fileRef = 84C25A502B60BF46007CF7D4 /* Camera.swift */; };
		84C540942B6176E900C36950 /* MapView.swift in Sources */ = {isa = PBXBuildFile; fileRef = 84C540932B6176E900C36950 /* MapView.swift */; };
		84C540962B618D9400C36950 /* MapViewModel.swift in Sources */ = {isa = PBXBuildFile; fileRef = 84C540952B618D9400C36950 /* MapViewModel.swift */; };
		84C540982B61B32900C36950 /* MapWebView.swift in Sources */ = {isa = PBXBuildFile; fileRef = 84C540972B61B32800C36950 /* MapWebView.swift */; };
		84FC9EF12B601B5B001E54C9 /* TicketModel.xcdatamodeld in Sources */ = {isa = PBXBuildFile; fileRef = 84FC9EEF2B601B5B001E54C9 /* TicketModel.xcdatamodeld */; };
		84FC9EF32B601CCC001E54C9 /* DataController.swift in Sources */ = {isa = PBXBuildFile; fileRef = 84FC9EF22B601CCC001E54C9 /* DataController.swift */; };
		84FC9EF52B6027C2001E54C9 /* NewTicket.swift in Sources */ = {isa = PBXBuildFile; fileRef = 84FC9EF42B6027C1001E54C9 /* NewTicket.swift */; };
/* End PBXBuildFile section */

/* Begin PBXFileReference section */
		841E80A72B5F2E6000A62457 /* Login.swift */ = {isa = PBXFileReference; lastKnownFileType = sourcecode.swift; path = Login.swift; sourceTree = "<group>"; };
		841E80A92B5F40AE00A62457 /* AuthenticationViewModel.swift */ = {isa = PBXFileReference; lastKnownFileType = sourcecode.swift; path = AuthenticationViewModel.swift; sourceTree = "<group>"; };
		841E80AB2B5F4B1100A62457 /* Dashboard.swift */ = {isa = PBXFileReference; lastKnownFileType = sourcecode.swift; path = Dashboard.swift; sourceTree = "<group>"; };
		8457CC8A2B5F628100234C84 /* TicketsModel.swift */ = {isa = PBXFileReference; lastKnownFileType = sourcecode.swift; path = TicketsModel.swift; sourceTree = "<group>"; };
		8481432D2B603BF50036B545 /* EditTicket.swift */ = {isa = PBXFileReference; lastKnownFileType = sourcecode.swift; path = EditTicket.swift; sourceTree = "<group>"; };
		8499683C2B5F236F00F2AD00 /* ISUCorp.app */ = {isa = PBXFileReference; explicitFileType = wrapper.application; includeInIndex = 0; path = ISUCorp.app; sourceTree = BUILT_PRODUCTS_DIR; };
		8499683F2B5F236F00F2AD00 /* ISUCorpApp.swift */ = {isa = PBXFileReference; lastKnownFileType = sourcecode.swift; path = ISUCorpApp.swift; sourceTree = "<group>"; };
		849968412B5F236F00F2AD00 /* ContentView.swift */ = {isa = PBXFileReference; lastKnownFileType = sourcecode.swift; path = ContentView.swift; sourceTree = "<group>"; };
		849968432B5F237200F2AD00 /* Assets.xcassets */ = {isa = PBXFileReference; lastKnownFileType = folder.assetcatalog; path = Assets.xcassets; sourceTree = "<group>"; };
		849968462B5F237200F2AD00 /* Preview Assets.xcassets */ = {isa = PBXFileReference; lastKnownFileType = folder.assetcatalog; path = "Preview Assets.xcassets"; sourceTree = "<group>"; };
		84C25A422B609612007CF7D4 /* Info.plist */ = {isa = PBXFileReference; lastKnownFileType = text.plist; path = Info.plist; sourceTree = "<group>"; };
		84C25A432B60970A007CF7D4 /* CalendarViewModel.swift */ = {isa = PBXFileReference; lastKnownFileType = sourcecode.swift; path = CalendarViewModel.swift; sourceTree = "<group>"; };
		84C25A452B60ADAF007CF7D4 /* TicketDetail.swift */ = {isa = PBXFileReference; lastKnownFileType = sourcecode.swift; path = TicketDetail.swift; sourceTree = "<group>"; };
		84C25A482B60BEF2007CF7D4 /* OverView.swift */ = {isa = PBXFileReference; lastKnownFileType = sourcecode.swift; path = OverView.swift; sourceTree = "<group>"; };
		84C25A4A2B60BF18007CF7D4 /* WorkDetails.swift */ = {isa = PBXFileReference; lastKnownFileType = sourcecode.swift; path = WorkDetails.swift; sourceTree = "<group>"; };
		84C25A4C2B60BF27007CF7D4 /* Purchasing.swift */ = {isa = PBXFileReference; lastKnownFileType = sourcecode.swift; path = Purchasing.swift; sourceTree = "<group>"; };
		84C25A4E2B60BF39007CF7D4 /* Finish.swift */ = {isa = PBXFileReference; lastKnownFileType = sourcecode.swift; path = Finish.swift; sourceTree = "<group>"; };
		84C25A502B60BF46007CF7D4 /* Camera.swift */ = {isa = PBXFileReference; lastKnownFileType = sourcecode.swift; path = Camera.swift; sourceTree = "<group>"; };
		84C540932B6176E900C36950 /* MapView.swift */ = {isa = PBXFileReference; lastKnownFileType = sourcecode.swift; path = MapView.swift; sourceTree = "<group>"; };
		84C540952B618D9400C36950 /* MapViewModel.swift */ = {isa = PBXFileReference; lastKnownFileType = sourcecode.swift; path = MapViewModel.swift; sourceTree = "<group>"; };
		84C540972B61B32800C36950 /* MapWebView.swift */ = {isa = PBXFileReference; lastKnownFileType = sourcecode.swift; path = MapWebView.swift; sourceTree = "<group>"; };
		84FC9EF02B601B5B001E54C9 /* TicketModel.xcdatamodel */ = {isa = PBXFileReference; lastKnownFileType = wrapper.xcdatamodel; path = TicketModel.xcdatamodel; sourceTree = "<group>"; };
		84FC9EF22B601CCC001E54C9 /* DataController.swift */ = {isa = PBXFileReference; lastKnownFileType = sourcecode.swift; path = DataController.swift; sourceTree = "<group>"; };
		84FC9EF42B6027C1001E54C9 /* NewTicket.swift */ = {isa = PBXFileReference; lastKnownFileType = sourcecode.swift; path = NewTicket.swift; sourceTree = "<group>"; };
/* End PBXFileReference section */

/* Begin PBXFrameworksBuildPhase section */
		849968392B5F236F00F2AD00 /* Frameworks */ = {
			isa = PBXFrameworksBuildPhase;
			buildActionMask = 2147483647;
			files = (
			);
			runOnlyForDeploymentPostprocessing = 0;
		};
/* End PBXFrameworksBuildPhase section */

/* Begin PBXGroup section */
		841E80A42B5F2E2500A62457 /* View */ = {
			isa = PBXGroup;
			children = (
				849968412B5F236F00F2AD00 /* ContentView.swift */,
				84C5408D2B61765000C36950 /* Login */,
				8457CC8C2B5F7BCF00234C84 /* Dashboard */,
				84C25A472B60BEDA007CF7D4 /* WorkTicket */,
			);
			path = View;
			sourceTree = "<group>";
		};
		841E80A52B5F2E3200A62457 /* ViewModel */ = {
			isa = PBXGroup;
			children = (
				84C540952B618D9400C36950 /* MapViewModel.swift */,
				841E80A92B5F40AE00A62457 /* AuthenticationViewModel.swift */,
				84C25A432B60970A007CF7D4 /* CalendarViewModel.swift */,
			);
			path = ViewModel;
			sourceTree = "<group>";
		};
		841E80A62B5F2E3F00A62457 /* Model */ = {
			isa = PBXGroup;
			children = (
				8457CC8A2B5F628100234C84 /* TicketsModel.swift */,
			);
			path = Model;
			sourceTree = "<group>";
		};
		8452669C2B6001EA00D8FFE3 /* DataModel */ = {
			isa = PBXGroup;
			children = (
				84FC9EEF2B601B5B001E54C9 /* TicketModel.xcdatamodeld */,
				84FC9EF22B601CCC001E54C9 /* DataController.swift */,
			);
			path = DataModel;
			sourceTree = "<group>";
		};
		8457CC8C2B5F7BCF00234C84 /* Dashboard */ = {
			isa = PBXGroup;
			children = (
				841E80AB2B5F4B1100A62457 /* Dashboard.swift */,
				84FC9EF42B6027C1001E54C9 /* NewTicket.swift */,
				8481432D2B603BF50036B545 /* EditTicket.swift */,
			);
			path = Dashboard;
			sourceTree = "<group>";
		};
		849968332B5F236F00F2AD00 = {
			isa = PBXGroup;
			children = (
				8499683E2B5F236F00F2AD00 /* ISUCorp */,
				8499683D2B5F236F00F2AD00 /* Products */,
			);
			sourceTree = "<group>";
		};
		8499683D2B5F236F00F2AD00 /* Products */ = {
			isa = PBXGroup;
			children = (
				8499683C2B5F236F00F2AD00 /* ISUCorp.app */,
			);
			name = Products;
			sourceTree = "<group>";
		};
		8499683E2B5F236F00F2AD00 /* ISUCorp */ = {
			isa = PBXGroup;
			children = (
				84C25A422B609612007CF7D4 /* Info.plist */,
				8452669C2B6001EA00D8FFE3 /* DataModel */,
				841E80A62B5F2E3F00A62457 /* Model */,
				841E80A42B5F2E2500A62457 /* View */,
				841E80A52B5F2E3200A62457 /* ViewModel */,
				8499683F2B5F236F00F2AD00 /* ISUCorpApp.swift */,
				849968432B5F237200F2AD00 /* Assets.xcassets */,
				849968452B5F237200F2AD00 /* Preview Content */,
			);
			path = ISUCorp;
			sourceTree = "<group>";
		};
		849968452B5F237200F2AD00 /* Preview Content */ = {
			isa = PBXGroup;
			children = (
				849968462B5F237200F2AD00 /* Preview Assets.xcassets */,
			);
			path = "Preview Content";
			sourceTree = "<group>";
		};
		84C25A472B60BEDA007CF7D4 /* WorkTicket */ = {
			isa = PBXGroup;
			children = (
				84C25A452B60ADAF007CF7D4 /* TicketDetail.swift */,
				84C5408E2B61768500C36950 /* OverView */,
				84C5408F2B61769600C36950 /* WorkDetails */,
				84C540902B6176A200C36950 /* Purchasing */,
				84C540912B6176B300C36950 /* FinishingUp */,
				84C540922B6176C200C36950 /* Camera */,
			);
			path = WorkTicket;
			sourceTree = "<group>";
		};
		84C5408D2B61765000C36950 /* Login */ = {
			isa = PBXGroup;
			children = (
				841E80A72B5F2E6000A62457 /* Login.swift */,
			);
			path = Login;
			sourceTree = "<group>";
		};
		84C5408E2B61768500C36950 /* OverView */ = {
			isa = PBXGroup;
			children = (
				84C25A482B60BEF2007CF7D4 /* OverView.swift */,
				84C540932B6176E900C36950 /* MapView.swift */,
				84C540972B61B32800C36950 /* MapWebView.swift */,
			);
			path = OverView;
			sourceTree = "<group>";
		};
		84C5408F2B61769600C36950 /* WorkDetails */ = {
			isa = PBXGroup;
			children = (
				84C25A4A2B60BF18007CF7D4 /* WorkDetails.swift */,
			);
			path = WorkDetails;
			sourceTree = "<group>";
		};
		84C540902B6176A200C36950 /* Purchasing */ = {
			isa = PBXGroup;
			children = (
				84C25A4C2B60BF27007CF7D4 /* Purchasing.swift */,
			);
			path = Purchasing;
			sourceTree = "<group>";
		};
		84C540912B6176B300C36950 /* FinishingUp */ = {
			isa = PBXGroup;
			children = (
				84C25A4E2B60BF39007CF7D4 /* Finish.swift */,
			);
			path = FinishingUp;
			sourceTree = "<group>";
		};
		84C540922B6176C200C36950 /* Camera */ = {
			isa = PBXGroup;
			children = (
				84C25A502B60BF46007CF7D4 /* Camera.swift */,
			);
			path = Camera;
			sourceTree = "<group>";
		};
/* End PBXGroup section */

/* Begin PBXNativeTarget section */
		8499683B2B5F236F00F2AD00 /* ISUCorp */ = {
			isa = PBXNativeTarget;
			buildConfigurationList = 8499684A2B5F237200F2AD00 /* Build configuration list for PBXNativeTarget "ISUCorp" */;
			buildPhases = (
				849968382B5F236F00F2AD00 /* Sources */,
				849968392B5F236F00F2AD00 /* Frameworks */,
				8499683A2B5F236F00F2AD00 /* Resources */,
			);
			buildRules = (
			);
			dependencies = (
			);
			name = ISUCorp;
			productName = ISUCorp;
			productReference = 8499683C2B5F236F00F2AD00 /* ISUCorp.app */;
			productType = "com.apple.product-type.application";
		};
/* End PBXNativeTarget section */

/* Begin PBXProject section */
		849968342B5F236F00F2AD00 /* Project object */ = {
			isa = PBXProject;
			attributes = {
				BuildIndependentTargetsInParallel = 1;
				LastSwiftUpdateCheck = 1420;
				LastUpgradeCheck = 1420;
				TargetAttributes = {
					8499683B2B5F236F00F2AD00 = {
						CreatedOnToolsVersion = 14.2;
					};
				};
			};
			buildConfigurationList = 849968372B5F236F00F2AD00 /* Build configuration list for PBXProject "ISUCorp" */;
			compatibilityVersion = "Xcode 14.0";
			developmentRegion = en;
			hasScannedForEncodings = 0;
			knownRegions = (
				en,
				Base,
			);
			mainGroup = 849968332B5F236F00F2AD00;
			productRefGroup = 8499683D2B5F236F00F2AD00 /* Products */;
			projectDirPath = "";
			projectRoot = "";
			targets = (
				8499683B2B5F236F00F2AD00 /* ISUCorp */,
			);
		};
/* End PBXProject section */

/* Begin PBXResourcesBuildPhase section */
		8499683A2B5F236F00F2AD00 /* Resources */ = {
			isa = PBXResourcesBuildPhase;
			buildActionMask = 2147483647;
			files = (
				849968472B5F237200F2AD00 /* Preview Assets.xcassets in Resources */,
				849968442B5F237200F2AD00 /* Assets.xcassets in Resources */,
			);
			runOnlyForDeploymentPostprocessing = 0;
		};
/* End PBXResourcesBuildPhase section */

/* Begin PBXSourcesBuildPhase section */
		849968382B5F236F00F2AD00 /* Sources */ = {
			isa = PBXSourcesBuildPhase;
			buildActionMask = 2147483647;
			files = (
				84C25A462B60ADAF007CF7D4 /* TicketDetail.swift in Sources */,
				841E80AA2B5F40AE00A62457 /* AuthenticationViewModel.swift in Sources */,
				84C25A512B60BF46007CF7D4 /* Camera.swift in Sources */,
				84C25A4D2B60BF27007CF7D4 /* Purchasing.swift in Sources */,
				84FC9EF32B601CCC001E54C9 /* DataController.swift in Sources */,
				84FC9EF52B6027C2001E54C9 /* NewTicket.swift in Sources */,
				841E80A82B5F2E6000A62457 /* Login.swift in Sources */,
				841E80AC2B5F4B1100A62457 /* Dashboard.swift in Sources */,
				84C25A442B60970A007CF7D4 /* CalendarViewModel.swift in Sources */,
				84C25A4F2B60BF39007CF7D4 /* Finish.swift in Sources */,
				84C540982B61B32900C36950 /* MapWebView.swift in Sources */,
				849968422B5F236F00F2AD00 /* ContentView.swift in Sources */,
				8457CC8B2B5F628100234C84 /* TicketsModel.swift in Sources */,
				8481432E2B603BF50036B545 /* EditTicket.swift in Sources */,
				84C25A492B60BEF2007CF7D4 /* OverView.swift in Sources */,
				84C540942B6176E900C36950 /* MapView.swift in Sources */,
				84C540962B618D9400C36950 /* MapViewModel.swift in Sources */,
				84C25A4B2B60BF18007CF7D4 /* WorkDetails.swift in Sources */,
				84FC9EF12B601B5B001E54C9 /* TicketModel.xcdatamodeld in Sources */,
				849968402B5F236F00F2AD00 /* ISUCorpApp.swift in Sources */,
			);
			runOnlyForDeploymentPostprocessing = 0;
		};
/* End PBXSourcesBuildPhase section */

/* Begin XCBuildConfiguration section */
		849968482B5F237200F2AD00 /* Debug */ = {
			isa = XCBuildConfiguration;
			buildSettings = {
				ALWAYS_SEARCH_USER_PATHS = NO;
				CLANG_ANALYZER_NONNULL = YES;
				CLANG_ANALYZER_NUMBER_OBJECT_CONVERSION = YES_AGGRESSIVE;
				CLANG_CXX_LANGUAGE_STANDARD = "gnu++20";
				CLANG_ENABLE_MODULES = YES;
				CLANG_ENABLE_OBJC_ARC = YES;
				CLANG_ENABLE_OBJC_WEAK = YES;
				CLANG_WARN_BLOCK_CAPTURE_AUTORELEASING = YES;
				CLANG_WARN_BOOL_CONVERSION = YES;
				CLANG_WARN_COMMA = YES;
				CLANG_WARN_CONSTANT_CONVERSION = YES;
				CLANG_WARN_DEPRECATED_OBJC_IMPLEMENTATIONS = YES;
				CLANG_WARN_DIRECT_OBJC_ISA_USAGE = YES_ERROR;
				CLANG_WARN_DOCUMENTATION_COMMENTS = YES;
				CLANG_WARN_EMPTY_BODY = YES;
				CLANG_WARN_ENUM_CONVERSION = YES;
				CLANG_WARN_INFINITE_RECURSION = YES;
				CLANG_WARN_INT_CONVERSION = YES;
				CLANG_WARN_NON_LITERAL_NULL_CONVERSION = YES;
				CLANG_WARN_OBJC_IMPLICIT_RETAIN_SELF = YES;
				CLANG_WARN_OBJC_LITERAL_CONVERSION = YES;
				CLANG_WARN_OBJC_ROOT_CLASS = YES_ERROR;
				CLANG_WARN_QUOTED_INCLUDE_IN_FRAMEWORK_HEADER = YES;
				CLANG_WARN_RANGE_LOOP_ANALYSIS = YES;
				CLANG_WARN_STRICT_PROTOTYPES = YES;
				CLANG_WARN_SUSPICIOUS_MOVE = YES;
				CLANG_WARN_UNGUARDED_AVAILABILITY = YES_AGGRESSIVE;
				CLANG_WARN_UNREACHABLE_CODE = YES;
				CLANG_WARN__DUPLICATE_METHOD_MATCH = YES;
				COPY_PHASE_STRIP = NO;
				DEBUG_INFORMATION_FORMAT = dwarf;
				ENABLE_STRICT_OBJC_MSGSEND = YES;
				ENABLE_TESTABILITY = YES;
				GCC_C_LANGUAGE_STANDARD = gnu11;
				GCC_DYNAMIC_NO_PIC = NO;
				GCC_NO_COMMON_BLOCKS = YES;
				GCC_OPTIMIZATION_LEVEL = 0;
				GCC_PREPROCESSOR_DEFINITIONS = (
					"DEBUG=1",
					"$(inherited)",
				);
				GCC_WARN_64_TO_32_BIT_CONVERSION = YES;
				GCC_WARN_ABOUT_RETURN_TYPE = YES_ERROR;
				GCC_WARN_UNDECLARED_SELECTOR = YES;
				GCC_WARN_UNINITIALIZED_AUTOS = YES_AGGRESSIVE;
				GCC_WARN_UNUSED_FUNCTION = YES;
				GCC_WARN_UNUSED_VARIABLE = YES;
				IPHONEOS_DEPLOYMENT_TARGET = 16.2;
				MTL_ENABLE_DEBUG_INFO = INCLUDE_SOURCE;
				MTL_FAST_MATH = YES;
				ONLY_ACTIVE_ARCH = YES;
				SDKROOT = iphoneos;
				SWIFT_ACTIVE_COMPILATION_CONDITIONS = DEBUG;
				SWIFT_OPTIMIZATION_LEVEL = "-Onone";
			};
			name = Debug;
		};
		849968492B5F237200F2AD00 /* Release */ = {
			isa = XCBuildConfiguration;
			buildSettings = {
				ALWAYS_SEARCH_USER_PATHS = NO;
				CLANG_ANALYZER_NONNULL = YES;
				CLANG_ANALYZER_NUMBER_OBJECT_CONVERSION = YES_AGGRESSIVE;
				CLANG_CXX_LANGUAGE_STANDARD = "gnu++20";
				CLANG_ENABLE_MODULES = YES;
				CLANG_ENABLE_OBJC_ARC = YES;
				CLANG_ENABLE_OBJC_WEAK = YES;
				CLANG_WARN_BLOCK_CAPTURE_AUTORELEASING = YES;
				CLANG_WARN_BOOL_CONVERSION = YES;
				CLANG_WARN_COMMA = YES;
				CLANG_WARN_CONSTANT_CONVERSION = YES;
				CLANG_WARN_DEPRECATED_OBJC_IMPLEMENTATIONS = YES;
				CLANG_WARN_DIRECT_OBJC_ISA_USAGE = YES_ERROR;
				CLANG_WARN_DOCUMENTATION_COMMENTS = YES;
				CLANG_WARN_EMPTY_BODY = YES;
				CLANG_WARN_ENUM_CONVERSION = YES;
				CLANG_WARN_INFINITE_RECURSION = YES;
				CLANG_WARN_INT_CONVERSION = YES;
				CLANG_WARN_NON_LITERAL_NULL_CONVERSION = YES;
				CLANG_WARN_OBJC_IMPLICIT_RETAIN_SELF = YES;
				CLANG_WARN_OBJC_LITERAL_CONVERSION = YES;
				CLANG_WARN_OBJC_ROOT_CLASS = YES_ERROR;
				CLANG_WARN_QUOTED_INCLUDE_IN_FRAMEWORK_HEADER = YES;
				CLANG_WARN_RANGE_LOOP_ANALYSIS = YES;
				CLANG_WARN_STRICT_PROTOTYPES = YES;
				CLANG_WARN_SUSPICIOUS_MOVE = YES;
				CLANG_WARN_UNGUARDED_AVAILABILITY = YES_AGGRESSIVE;
				CLANG_WARN_UNREACHABLE_CODE = YES;
				CLANG_WARN__DUPLICATE_METHOD_MATCH = YES;
				COPY_PHASE_STRIP = NO;
				DEBUG_INFORMATION_FORMAT = "dwarf-with-dsym";
				ENABLE_NS_ASSERTIONS = NO;
				ENABLE_STRICT_OBJC_MSGSEND = YES;
				GCC_C_LANGUAGE_STANDARD = gnu11;
				GCC_NO_COMMON_BLOCKS = YES;
				GCC_WARN_64_TO_32_BIT_CONVERSION = YES;
				GCC_WARN_ABOUT_RETURN_TYPE = YES_ERROR;
				GCC_WARN_UNDECLARED_SELECTOR = YES;
				GCC_WARN_UNINITIALIZED_AUTOS = YES_AGGRESSIVE;
				GCC_WARN_UNUSED_FUNCTION = YES;
				GCC_WARN_UNUSED_VARIABLE = YES;
				IPHONEOS_DEPLOYMENT_TARGET = 16.2;
				MTL_ENABLE_DEBUG_INFO = NO;
				MTL_FAST_MATH = YES;
				SDKROOT = iphoneos;
				SWIFT_COMPILATION_MODE = wholemodule;
				SWIFT_OPTIMIZATION_LEVEL = "-O";
				VALIDATE_PRODUCT = YES;
			};
			name = Release;
		};
		8499684B2B5F237200F2AD00 /* Debug */ = {
			isa = XCBuildConfiguration;
			buildSettings = {
				ASSETCATALOG_COMPILER_APPICON_NAME = AppIcon;
				ASSETCATALOG_COMPILER_GLOBAL_ACCENT_COLOR_NAME = AccentColor;
				CODE_SIGN_STYLE = Automatic;
				CURRENT_PROJECT_VERSION = 1;
				DEVELOPMENT_ASSET_PATHS = "\"ISUCorp/Preview Content\"";
				DEVELOPMENT_TEAM = XV2X26M98W;
				ENABLE_PREVIEWS = YES;
				GENERATE_INFOPLIST_FILE = YES;
				INFOPLIST_FILE = ISUCorp/Info.plist;
				INFOPLIST_KEY_NSAppleEventsUsageDescription = Prueba1;
				INFOPLIST_KEY_NSCalendarsUsageDescription = "Hello aamigo";
				INFOPLIST_KEY_NSContactsUsageDescription = "This allow the app to see your contacts";
				INFOPLIST_KEY_UIApplicationSceneManifest_Generation = YES;
				INFOPLIST_KEY_UIApplicationSupportsIndirectInputEvents = YES;
				INFOPLIST_KEY_UILaunchScreen_Generation = YES;
				INFOPLIST_KEY_UISupportedInterfaceOrientations = "UIInterfaceOrientationLandscapeLeft UIInterfaceOrientationLandscapeRight";
				LD_RUNPATH_SEARCH_PATHS = (
					"$(inherited)",
					"@executable_path/Frameworks",
				);
				MARKETING_VERSION = 1.0;
				PRODUCT_BUNDLE_IDENTIFIER = com.yorgiSoft.ISUCorp;
				PRODUCT_NAME = "$(TARGET_NAME)";
				SWIFT_EMIT_LOC_STRINGS = YES;
				SWIFT_VERSION = 5.0;
				TARGETED_DEVICE_FAMILY = "1,2";
			};
			name = Debug;
		};
		8499684C2B5F237200F2AD00 /* Release */ = {
			isa = XCBuildConfiguration;
			buildSettings = {
				ASSETCATALOG_COMPILER_APPICON_NAME = AppIcon;
				ASSETCATALOG_COMPILER_GLOBAL_ACCENT_COLOR_NAME = AccentColor;
				CODE_SIGN_STYLE = Automatic;
				CURRENT_PROJECT_VERSION = 1;
				DEVELOPMENT_ASSET_PATHS = "\"ISUCorp/Preview Content\"";
				DEVELOPMENT_TEAM = XV2X26M98W;
				ENABLE_PREVIEWS = YES;
				GENERATE_INFOPLIST_FILE = YES;
				INFOPLIST_FILE = ISUCorp/Info.plist;
				INFOPLIST_KEY_NSAppleEventsUsageDescription = Prueba1;
				INFOPLIST_KEY_NSCalendarsUsageDescription = "Hello aamigo";
				INFOPLIST_KEY_NSContactsUsageDescription = "This allow the app to see your contacts";
				INFOPLIST_KEY_UIApplicationSceneManifest_Generation = YES;
				INFOPLIST_KEY_UIApplicationSupportsIndirectInputEvents = YES;
				INFOPLIST_KEY_UILaunchScreen_Generation = YES;
				INFOPLIST_KEY_UISupportedInterfaceOrientations = "UIInterfaceOrientationLandscapeLeft UIInterfaceOrientationLandscapeRight";
				LD_RUNPATH_SEARCH_PATHS = (
					"$(inherited)",
					"@executable_path/Frameworks",
				);
				MARKETING_VERSION = 1.0;
				PRODUCT_BUNDLE_IDENTIFIER = com.yorgiSoft.ISUCorp;
				PRODUCT_NAME = "$(TARGET_NAME)";
				SWIFT_EMIT_LOC_STRINGS = YES;
				SWIFT_VERSION = 5.0;
				TARGETED_DEVICE_FAMILY = "1,2";
			};
			name = Release;
		};
/* End XCBuildConfiguration section */

/* Begin XCConfigurationList section */
		849968372B5F236F00F2AD00 /* Build configuration list for PBXProject "ISUCorp" */ = {
			isa = XCConfigurationList;
			buildConfigurations = (
				849968482B5F237200F2AD00 /* Debug */,
				849968492B5F237200F2AD00 /* Release */,
			);
			defaultConfigurationIsVisible = 0;
			defaultConfigurationName = Release;
		};
		8499684A2B5F237200F2AD00 /* Build configuration list for PBXNativeTarget "ISUCorp" */ = {
			isa = XCConfigurationList;
			buildConfigurations = (
				8499684B2B5F237200F2AD00 /* Debug */,
				8499684C2B5F237200F2AD00 /* Release */,
			);
			defaultConfigurationIsVisible = 0;
			defaultConfigurationName = Release;
		};
/* End XCConfigurationList section */

/* Begin XCVersionGroup section */
		84FC9EEF2B601B5B001E54C9 /* TicketModel.xcdatamodeld */ = {
			isa = XCVersionGroup;
			children = (
				84FC9EF02B601B5B001E54C9 /* TicketModel.xcdatamodel */,
			);
			currentVersion = 84FC9EF02B601B5B001E54C9 /* TicketModel.xcdatamodel */;
			path = TicketModel.xcdatamodeld;
			sourceTree = "<group>";
			versionGroupType = wrapper.xcdatamodel;
		};
/* End XCVersionGroup section */
	};
	rootObject = 849968342B5F236F00F2AD00 /* Project object */;
}
